// !$*UTF8*$!
{
	archiveVersion = 1;
	classes = {
	};
	objectVersion = 48;
	objects = {

/* Begin PBXBuildFile section */
		D4B8AC36F256DA7E17DBB5BD /* Pods_Pixel_City.framework in Frameworks */ = {isa = PBXBuildFile; fileRef = BFB0A6EBBDAE746A557113BE /* Pods_Pixel_City.framework */; };
		EE53AC8C1F71944300FBEA1D /* AppDelegate.swift in Sources */ = {isa = PBXBuildFile; fileRef = EE53AC8B1F71944300FBEA1D /* AppDelegate.swift */; };
		EE53AC8E1F71944300FBEA1D /* MapVC.swift in Sources */ = {isa = PBXBuildFile; fileRef = EE53AC8D1F71944300FBEA1D /* MapVC.swift */; };
		EE53AC911F71944300FBEA1D /* Main.storyboard in Resources */ = {isa = PBXBuildFile; fileRef = EE53AC8F1F71944300FBEA1D /* Main.storyboard */; };
		EE53AC931F71944300FBEA1D /* Assets.xcassets in Resources */ = {isa = PBXBuildFile; fileRef = EE53AC921F71944300FBEA1D /* Assets.xcassets */; };
		EE53AC961F71944300FBEA1D /* LaunchScreen.storyboard in Resources */ = {isa = PBXBuildFile; fileRef = EE53AC941F71944300FBEA1D /* LaunchScreen.storyboard */; };
		EEB216BB1F74235D00BBB5B1 /* PopVC.swift in Sources */ = {isa = PBXBuildFile; fileRef = EEB216BA1F74235D00BBB5B1 /* PopVC.swift */; };
		EECE16951F72C6DB00513EC2 /* DroppablePin.swift in Sources */ = {isa = PBXBuildFile; fileRef = EECE16941F72C6DB00513EC2 /* DroppablePin.swift */; };
		EECE16971F72DA3800513EC2 /* PhotoCell.swift in Sources */ = {isa = PBXBuildFile; fileRef = EECE16961F72DA3800513EC2 /* PhotoCell.swift */; };
		EECE16991F72F8AE00513EC2 /* Constants.swift in Sources */ = {isa = PBXBuildFile; fileRef = EECE16981F72F8AE00513EC2 /* Constants.swift */; };
/* End PBXBuildFile section */

/* Begin PBXFileReference section */
		8FF406ECDB96FE64304D3B6E /* Pods-Pixel-City.debug.xcconfig */ = {isa = PBXFileReference; includeInIndex = 1; lastKnownFileType = text.xcconfig; name = "Pods-Pixel-City.debug.xcconfig"; path = "Pods/Target Support Files/Pods-Pixel-City/Pods-Pixel-City.debug.xcconfig"; sourceTree = "<group>"; };
		BFB0A6EBBDAE746A557113BE /* Pods_Pixel_City.framework */ = {isa = PBXFileReference; explicitFileType = wrapper.framework; includeInIndex = 0; path = Pods_Pixel_City.framework; sourceTree = BUILT_PRODUCTS_DIR; };
		DC78C759E6EC2FF1ED437E61 /* Pods-Pixel-City.release.xcconfig */ = {isa = PBXFileReference; includeInIndex = 1; lastKnownFileType = text.xcconfig; name = "Pods-Pixel-City.release.xcconfig"; path = "Pods/Target Support Files/Pods-Pixel-City/Pods-Pixel-City.release.xcconfig"; sourceTree = "<group>"; };
		EE53AC881F71944300FBEA1D /* Pixel-City.app */ = {isa = PBXFileReference; explicitFileType = wrapper.application; includeInIndex = 0; path = "Pixel-City.app"; sourceTree = BUILT_PRODUCTS_DIR; };
		EE53AC8B1F71944300FBEA1D /* AppDelegate.swift */ = {isa = PBXFileReference; lastKnownFileType = sourcecode.swift; path = AppDelegate.swift; sourceTree = "<group>"; };
		EE53AC8D1F71944300FBEA1D /* MapVC.swift */ = {isa = PBXFileReference; lastKnownFileType = sourcecode.swift; path = MapVC.swift; sourceTree = "<group>"; };
		EE53AC901F71944300FBEA1D /* Base */ = {isa = PBXFileReference; lastKnownFileType = file.storyboard; name = Base; path = Base.lproj/Main.storyboard; sourceTree = "<group>"; };
		EE53AC921F71944300FBEA1D /* Assets.xcassets */ = {isa = PBXFileReference; lastKnownFileType = folder.assetcatalog; path = Assets.xcassets; sourceTree = "<group>"; };
		EE53AC951F71944300FBEA1D /* Base */ = {isa = PBXFileReference; lastKnownFileType = file.storyboard; name = Base; path = Base.lproj/LaunchScreen.storyboard; sourceTree = "<group>"; };
		EE53AC971F71944300FBEA1D /* Info.plist */ = {isa = PBXFileReference; lastKnownFileType = text.plist.xml; path = Info.plist; sourceTree = "<group>"; };
		EEB216BA1F74235D00BBB5B1 /* PopVC.swift */ = {isa = PBXFileReference; lastKnownFileType = sourcecode.swift; path = PopVC.swift; sourceTree = "<group>"; };
		EECE16941F72C6DB00513EC2 /* DroppablePin.swift */ = {isa = PBXFileReference; lastKnownFileType = sourcecode.swift; path = DroppablePin.swift; sourceTree = "<group>"; };
		EECE16961F72DA3800513EC2 /* PhotoCell.swift */ = {isa = PBXFileReference; lastKnownFileType = sourcecode.swift; path = PhotoCell.swift; sourceTree = "<group>"; };
		EECE16981F72F8AE00513EC2 /* Constants.swift */ = {isa = PBXFileReference; lastKnownFileType = sourcecode.swift; path = Constants.swift; sourceTree = "<group>"; };
/* End PBXFileReference section */

/* Begin PBXFrameworksBuildPhase section */
		EE53AC851F71944200FBEA1D /* Frameworks */ = {
			isa = PBXFrameworksBuildPhase;
			buildActionMask = 2147483647;
			files = (
				D4B8AC36F256DA7E17DBB5BD /* Pods_Pixel_City.framework in Frameworks */,
			);
			runOnlyForDeploymentPostprocessing = 0;
		};
/* End PBXFrameworksBuildPhase section */

/* Begin PBXGroup section */
		1C891BA8910ED2841BDFF30C /* Pods */ = {
			isa = PBXGroup;
			children = (
				8FF406ECDB96FE64304D3B6E /* Pods-Pixel-City.debug.xcconfig */,
				DC78C759E6EC2FF1ED437E61 /* Pods-Pixel-City.release.xcconfig */,
			);
			name = Pods;
			sourceTree = "<group>";
		};
		CBD427DC9425A08835BFBD7E /* Frameworks */ = {
			isa = PBXGroup;
			children = (
				BFB0A6EBBDAE746A557113BE /* Pods_Pixel_City.framework */,
			);
			name = Frameworks;
			sourceTree = "<group>";
		};
		EE53AC7F1F71944200FBEA1D = {
			isa = PBXGroup;
			children = (
				EE53AC8A1F71944300FBEA1D /* Pixel-City */,
				EE53AC891F71944300FBEA1D /* Products */,
				1C891BA8910ED2841BDFF30C /* Pods */,
				CBD427DC9425A08835BFBD7E /* Frameworks */,
			);
			sourceTree = "<group>";
		};
		EE53AC891F71944300FBEA1D /* Products */ = {
			isa = PBXGroup;
			children = (
				EE53AC881F71944300FBEA1D /* Pixel-City.app */,
			);
			name = Products;
			sourceTree = "<group>";
		};
		EE53AC8A1F71944300FBEA1D /* Pixel-City */ = {
			isa = PBXGroup;
			children = (
				EE53ACA11F71951400FBEA1D /* Utilities */,
				EE53ACA01F71950600FBEA1D /* Extensions */,
				EE53AC9F1F7194F700FBEA1D /* Model */,
				EE53AC9E1F7194F000FBEA1D /* View */,
				EE53AC9D1F7194E400FBEA1D /* Controller */,
				EE53AC8B1F71944300FBEA1D /* AppDelegate.swift */,
				EE53AC8F1F71944300FBEA1D /* Main.storyboard */,
				EE53AC921F71944300FBEA1D /* Assets.xcassets */,
				EE53AC941F71944300FBEA1D /* LaunchScreen.storyboard */,
				EE53AC971F71944300FBEA1D /* Info.plist */,
			);
			path = "Pixel-City";
			sourceTree = "<group>";
		};
		EE53AC9D1F7194E400FBEA1D /* Controller */ = {
			isa = PBXGroup;
			children = (
				EE53AC8D1F71944300FBEA1D /* MapVC.swift */,
				EEB216BA1F74235D00BBB5B1 /* PopVC.swift */,
			);
			path = Controller;
			sourceTree = "<group>";
		};
		EE53AC9E1F7194F000FBEA1D /* View */ = {
			isa = PBXGroup;
			children = (
				EECE16941F72C6DB00513EC2 /* DroppablePin.swift */,
				EECE16961F72DA3800513EC2 /* PhotoCell.swift */,
			);
			path = View;
			sourceTree = "<group>";
		};
		EE53AC9F1F7194F700FBEA1D /* Model */ = {
			isa = PBXGroup;
			children = (
			);
			path = Model;
			sourceTree = "<group>";
		};
		EE53ACA01F71950600FBEA1D /* Extensions */ = {
			isa = PBXGroup;
			children = (
			);
			path = Extensions;
			sourceTree = "<group>";
		};
		EE53ACA11F71951400FBEA1D /* Utilities */ = {
			isa = PBXGroup;
			children = (
				EECE16981F72F8AE00513EC2 /* Constants.swift */,
			);
			path = Utilities;
			sourceTree = "<group>";
		};
/* End PBXGroup section */

/* Begin PBXNativeTarget section */
		EE53AC871F71944200FBEA1D /* Pixel-City */ = {
			isa = PBXNativeTarget;
			buildConfigurationList = EE53AC9A1F71944300FBEA1D /* Build configuration list for PBXNativeTarget "Pixel-City" */;
			buildPhases = (
				6C8952E79C19398849C8F10C /* [CP] Check Pods Manifest.lock */,
				EE53AC841F71944200FBEA1D /* Sources */,
				EE53AC851F71944200FBEA1D /* Frameworks */,
				EE53AC861F71944200FBEA1D /* Resources */,
				339942E8C326C984327F6CBF /* [CP] Embed Pods Frameworks */,
				4C1DA896436A0982DC498FBD /* [CP] Copy Pods Resources */,
			);
			buildRules = (
			);
			dependencies = (
			);
			name = "Pixel-City";
			productName = "Pixel-City";
			productReference = EE53AC881F71944300FBEA1D /* Pixel-City.app */;
			productType = "com.apple.product-type.application";
		};
/* End PBXNativeTarget section */

/* Begin PBXProject section */
		EE53AC801F71944200FBEA1D /* Project object */ = {
			isa = PBXProject;
			attributes = {
				LastSwiftUpdateCheck = 0900;
				LastUpgradeCheck = 0900;
				ORGANIZATIONNAME = "Matthew Tripodi";
				TargetAttributes = {
					EE53AC871F71944200FBEA1D = {
						CreatedOnToolsVersion = 9.0;
					};
				};
			};
			buildConfigurationList = EE53AC831F71944200FBEA1D /* Build configuration list for PBXProject "Pixel-City" */;
			compatibilityVersion = "Xcode 8.0";
			developmentRegion = en;
			hasScannedForEncodings = 0;
			knownRegions = (
				en,
				Base,
			);
			mainGroup = EE53AC7F1F71944200FBEA1D;
			productRefGroup = EE53AC891F71944300FBEA1D /* Products */;
			projectDirPath = "";
			projectRoot = "";
			targets = (
				EE53AC871F71944200FBEA1D /* Pixel-City */,
			);
		};
/* End PBXProject section */

/* Begin PBXResourcesBuildPhase section */
		EE53AC861F71944200FBEA1D /* Resources */ = {
			isa = PBXResourcesBuildPhase;
			buildActionMask = 2147483647;
			files = (
				EE53AC961F71944300FBEA1D /* LaunchScreen.storyboard in Resources */,
				EE53AC931F71944300FBEA1D /* Assets.xcassets in Resources */,
				EE53AC911F71944300FBEA1D /* Main.storyboard in Resources */,
			);
			runOnlyForDeploymentPostprocessing = 0;
		};
/* End PBXResourcesBuildPhase section */

/* Begin PBXShellScriptBuildPhase section */
		339942E8C326C984327F6CBF /* [CP] Embed Pods Frameworks */ = {
			isa = PBXShellScriptBuildPhase;
			buildActionMask = 2147483647;
			files = (
			);
			inputPaths = (
			);
			name = "[CP] Embed Pods Frameworks";
			outputPaths = (
			);
			runOnlyForDeploymentPostprocessing = 0;
			shellPath = /bin/sh;
			shellScript = "\"${SRCROOT}/Pods/Target Support Files/Pods-Pixel-City/Pods-Pixel-City-frameworks.sh\"\n";
			showEnvVarsInLog = 0;
		};
		4C1DA896436A0982DC498FBD /* [CP] Copy Pods Resources */ = {
			isa = PBXShellScriptBuildPhase;
			buildActionMask = 2147483647;
			files = (
			);
			inputPaths = (
			);
			name = "[CP] Copy Pods Resources";
			outputPaths = (
			);
			runOnlyForDeploymentPostprocessing = 0;
			shellPath = /bin/sh;
			shellScript = "\"${SRCROOT}/Pods/Target Support Files/Pods-Pixel-City/Pods-Pixel-City-resources.sh\"\n";
			showEnvVarsInLog = 0;
		};
		6C8952E79C19398849C8F10C /* [CP] Check Pods Manifest.lock */ = {
			isa = PBXShellScriptBuildPhase;
			buildActionMask = 2147483647;
			files = (
			);
			inputPaths = (
			);
			name = "[CP] Check Pods Manifest.lock";
			outputPaths = (
			);
			runOnlyForDeploymentPostprocessing = 0;
			shellPath = /bin/sh;
			shellScript = "diff \"${PODS_PODFILE_DIR_PATH}/Podfile.lock\" \"${PODS_ROOT}/Manifest.lock\" > /dev/null\nif [ $? != 0 ] ; then\n    # print error to STDERR\n    echo \"error: The sandbox is not in sync with the Podfile.lock. Run 'pod install' or update your CocoaPods installation.\" >&2\n    exit 1\nfi\n";
			showEnvVarsInLog = 0;
		};
/* End PBXShellScriptBuildPhase section */

/* Begin PBXSourcesBuildPhase section */
		EE53AC841F71944200FBEA1D /* Sources */ = {
			isa = PBXSourcesBuildPhase;
			buildActionMask = 2147483647;
			files = (
				EEB216BB1F74235D00BBB5B1 /* PopVC.swift in Sources */,
				EECE16991F72F8AE00513EC2 /* Constants.swift in Sources */,
				EECE16971F72DA3800513EC2 /* PhotoCell.swift in Sources */,
				EE53AC8E1F71944300FBEA1D /* MapVC.swift in Sources */,
				EECE16951F72C6DB00513EC2 /* DroppablePin.swift in Sources */,
				EE53AC8C1F71944300FBEA1D /* AppDelegate.swift in Sources */,
			);
			runOnlyForDeploymentPostprocessing = 0;
		};
/* End PBXSourcesBuildPhase section */

/* Begin PBXVariantGroup section */
		EE53AC8F1F71944300FBEA1D /* Main.storyboard */ = {
			isa = PBXVariantGroup;
			children = (
				EE53AC901F71944300FBEA1D /* Base */,
			);
			name = Main.storyboard;
			sourceTree = "<group>";
		};
		EE53AC941F71944300FBEA1D /* LaunchScreen.storyboard */ = {
			isa = PBXVariantGroup;
			children = (
				EE53AC951F71944300FBEA1D /* Base */,
			);
			name = LaunchScreen.storyboard;
			sourceTree = "<group>";
		};
/* End PBXVariantGroup section */

/* Begin XCBuildConfiguration section */
		EE53AC981F71944300FBEA1D /* Debug */ = {
			isa = XCBuildConfiguration;
			buildSettings = {
				ALWAYS_SEARCH_USER_PATHS = NO;
				CLANG_ANALYZER_NONNULL = YES;
				CLANG_ANALYZER_NUMBER_OBJECT_CONVERSION = YES_AGGRESSIVE;
				CLANG_CXX_LANGUAGE_STANDARD = "gnu++14";
				CLANG_CXX_LIBRARY = "libc++";
				CLANG_ENABLE_MODULES = YES;
				CLANG_ENABLE_OBJC_ARC = YES;
				CLANG_WARN_BLOCK_CAPTURE_AUTORELEASING = YES;
				CLANG_WARN_BOOL_CONVERSION = YES;
				CLANG_WARN_COMMA = YES;
				CLANG_WARN_CONSTANT_CONVERSION = YES;
				CLANG_WARN_DIRECT_OBJC_ISA_USAGE = YES_ERROR;
				CLANG_WARN_DOCUMENTATION_COMMENTS = YES;
				CLANG_WARN_EMPTY_BODY = YES;
				CLANG_WARN_ENUM_CONVERSION = YES;
				CLANG_WARN_INFINITE_RECURSION = YES;
				CLANG_WARN_INT_CONVERSION = YES;
				CLANG_WARN_NON_LITERAL_NULL_CONVERSION = YES;
				CLANG_WARN_OBJC_LITERAL_CONVERSION = YES;
				CLANG_WARN_OBJC_ROOT_CLASS = YES_ERROR;
				CLANG_WARN_RANGE_LOOP_ANALYSIS = YES;
				CLANG_WARN_STRICT_PROTOTYPES = YES;
				CLANG_WARN_SUSPICIOUS_MOVE = YES;
				CLANG_WARN_UNGUARDED_AVAILABILITY = YES_AGGRESSIVE;
				CLANG_WARN_UNREACHABLE_CODE = YES;
				CLANG_WARN__DUPLICATE_METHOD_MATCH = YES;
				CODE_SIGN_IDENTITY = "iPhone Developer";
				COPY_PHASE_STRIP = NO;
				DEBUG_INFORMATION_FORMAT = dwarf;
				ENABLE_STRICT_OBJC_MSGSEND = YES;
				ENABLE_TESTABILITY = YES;
				GCC_C_LANGUAGE_STANDARD = gnu11;
				GCC_DYNAMIC_NO_PIC = NO;
				GCC_NO_COMMON_BLOCKS = YES;
				GCC_OPTIMIZATION_LEVEL = 0;
				GCC_PREPROCESSOR_DEFINITIONS = (
					"DEBUG=1",
					"$(inherited)",
				);
				GCC_WARN_64_TO_32_BIT_CONVERSION = YES;
				GCC_WARN_ABOUT_RETURN_TYPE = YES_ERROR;
				GCC_WARN_UNDECLARED_SELECTOR = YES;
				GCC_WARN_UNINITIALIZED_AUTOS = YES_AGGRESSIVE;
				GCC_WARN_UNUSED_FUNCTION = YES;
				GCC_WARN_UNUSED_VARIABLE = YES;
				IPHONEOS_DEPLOYMENT_TARGET = 11.0;
				MTL_ENABLE_DEBUG_INFO = YES;
				ONLY_ACTIVE_ARCH = YES;
				SDKROOT = iphoneos;
				SWIFT_ACTIVE_COMPILATION_CONDITIONS = DEBUG;
				SWIFT_OPTIMIZATION_LEVEL = "-Onone";
			};
			name = Debug;
		};
		EE53AC991F71944300FBEA1D /* Release */ = {
			isa = XCBuildConfiguration;
			buildSettings = {
				ALWAYS_SEARCH_USER_PATHS = NO;
				CLANG_ANALYZER_NONNULL = YES;
				CLANG_ANALYZER_NUMBER_OBJECT_CONVERSION = YES_AGGRESSIVE;
				CLANG_CXX_LANGUAGE_STANDARD = "gnu++14";
				CLANG_CXX_LIBRARY = "libc++";
				CLANG_ENABLE_MODULES = YES;
				CLANG_ENABLE_OBJC_ARC = YES;
				CLANG_WARN_BLOCK_CAPTURE_AUTORELEASING = YES;
				CLANG_WARN_BOOL_CONVERSION = YES;
				CLANG_WARN_COMMA = YES;
				CLANG_WARN_CONSTANT_CONVERSION = YES;
				CLANG_WARN_DIRECT_OBJC_ISA_USAGE = YES_ERROR;
				CLANG_WARN_DOCUMENTATION_COMMENTS = YES;
				CLANG_WARN_EMPTY_BODY = YES;
				CLANG_WARN_ENUM_CONVERSION = YES;
				CLANG_WARN_INFINITE_RECURSION = YES;
				CLANG_WARN_INT_CONVERSION = YES;
				CLANG_WARN_NON_LITERAL_NULL_CONVERSION = YES;
				CLANG_WARN_OBJC_LITERAL_CONVERSION = YES;
				CLANG_WARN_OBJC_ROOT_CLASS = YES_ERROR;
				CLANG_WARN_RANGE_LOOP_ANALYSIS = YES;
				CLANG_WARN_STRICT_PROTOTYPES = YES;
				CLANG_WARN_SUSPICIOUS_MOVE = YES;
				CLANG_WARN_UNGUARDED_AVAILABILITY = YES_AGGRESSIVE;
				CLANG_WARN_UNREACHABLE_CODE = YES;
				CLANG_WARN__DUPLICATE_METHOD_MATCH = YES;
				CODE_SIGN_IDENTITY = "iPhone Developer";
				COPY_PHASE_STRIP = NO;
				DEBUG_INFORMATION_FORMAT = "dwarf-with-dsym";
				ENABLE_NS_ASSERTIONS = NO;
				ENABLE_STRICT_OBJC_MSGSEND = YES;
				GCC_C_LANGUAGE_STANDARD = gnu11;
				GCC_NO_COMMON_BLOCKS = YES;
				GCC_WARN_64_TO_32_BIT_CONVERSION = YES;
				GCC_WARN_ABOUT_RETURN_TYPE = YES_ERROR;
				GCC_WARN_UNDECLARED_SELECTOR = YES;
				GCC_WARN_UNINITIALIZED_AUTOS = YES_AGGRESSIVE;
				GCC_WARN_UNUSED_FUNCTION = YES;
				GCC_WARN_UNUSED_VARIABLE = YES;
				IPHONEOS_DEPLOYMENT_TARGET = 11.0;
				MTL_ENABLE_DEBUG_INFO = NO;
				SDKROOT = iphoneos;
				SWIFT_OPTIMIZATION_LEVEL = "-Owholemodule";
				VALIDATE_PRODUCT = YES;
			};
			name = Release;
		};
		EE53AC9B1F71944300FBEA1D /* Debug */ = {
			isa = XCBuildConfiguration;
			baseConfigurationReference = 8FF406ECDB96FE64304D3B6E /* Pods-Pixel-City.debug.xcconfig */;
			buildSettings = {
				ASSETCATALOG_COMPILER_APPICON_NAME = AppIcon;
				DEVELOPMENT_TEAM = J5P95JSAVD;
				INFOPLIST_FILE = "Pixel-City/Info.plist";
				LD_RUNPATH_SEARCH_PATHS = "$(inherited) @executable_path/Frameworks";
				PRODUCT_BUNDLE_IDENTIFIER = "com.matthewtripodi.Pixel-City";
				PRODUCT_NAME = "$(TARGET_NAME)";
				SWIFT_VERSION = 4.0;
				TARGETED_DEVICE_FAMILY = "1,2";
			};
			name = Debug;
		};
		EE53AC9C1F71944300FBEA1D /* Release */ = {
			isa = XCBuildConfiguration;
			baseConfigurationReference = DC78C759E6EC2FF1ED437E61 /* Pods-Pixel-City.release.xcconfig */;
			buildSettings = {
				ASSETCATALOG_COMPILER_APPICON_NAME = AppIcon;
				DEVELOPMENT_TEAM = J5P95JSAVD;
				INFOPLIST_FILE = "Pixel-City/Info.plist";
				LD_RUNPATH_SEARCH_PATHS = "$(inherited) @executable_path/Frameworks";
				PRODUCT_BUNDLE_IDENTIFIER = "com.matthewtripodi.Pixel-City";
				PRODUCT_NAME = "$(TARGET_NAME)";
				SWIFT_VERSION = 4.0;
				TARGETED_DEVICE_FAMILY = "1,2";
			};
			name = Release;
		};
/* End XCBuildConfiguration section */

/* Begin XCConfigurationList section */
		EE53AC831F71944200FBEA1D /* Build configuration list for PBXProject "Pixel-City" */ = {
			isa = XCConfigurationList;
			buildConfigurations = (
				EE53AC981F71944300FBEA1D /* Debug */,
				EE53AC991F71944300FBEA1D /* Release */,
			);
			defaultConfigurationIsVisible = 0;
			defaultConfigurationName = Release;
		};
		EE53AC9A1F71944300FBEA1D /* Build configuration list for PBXNativeTarget "Pixel-City" */ = {
			isa = XCConfigurationList;
			buildConfigurations = (
				EE53AC9B1F71944300FBEA1D /* Debug */,
				EE53AC9C1F71944300FBEA1D /* Release */,
			);
			defaultConfigurationIsVisible = 0;
			defaultConfigurationName = Release;
		};
/* End XCConfigurationList section */
	};
	rootObject = EE53AC801F71944200FBEA1D /* Project object */;
}
